
Microsoft Visual Studio Solution File, Format Version 12.00
# Visual Studio Version 17
VisualStudioVersion = 17.1.32421.90
MinimumVisualStudioVersion = 10.0.40219.1
Project("{FAE04EC0-301F-11D3-BF4B-00C04F79EFBC}") = "Translator", "Translator.csproj", "{5667B1BE-EEE8-469F-BF9E-2D20C1A48C9C}"
EndProject
Global
	GlobalSection(SolutionConfigurationPlatforms) = preSolution
		Debug|Any CPU = Debug|Any CPU
		Release|Any CPU = Release|Any CPU
	EndGlobalSection
	GlobalSection(ProjectConfigurationPlatforms) = postSolution
		{5667B1BE-EEE8-469F-BF9E-2D20C1A48C9C}.Debug|Any CPU.ActiveCfg = Debug|Any CPU
		{5667B1BE-EEE8-469F-BF9E-2D20C1A48C9C}.Debug|Any CPU.Build.0 = Debug|Any CPU
		{5667B1BE-EEE8-469F-BF9E-2D20C1A48C9C}.Release|Any CPU.ActiveCfg = Release|Any CPU
		{5667B1BE-EEE8-469F-BF9E-2D20C1A48C9C}.Release|Any CPU.Build.0 = Release|Any CPU
	EndGlobalSection
	GlobalSection(SolutionProperties) = preSolution
		HideSolutionNode = FALSE
	EndGlobalSection
	GlobalSection(ExtensibilityGlobals) = postSolution
		SolutionGuid = {10D8C943-68E0-4A65-BE5A-9AC2AB4C6556}
	EndGlobalSection
EndGlobal
